
Microsoft Visual Studio Solution File, Format Version 12.00
# Visual Studio Version 17
VisualStudioVersion = 17.14.36414.22 d17.14
MinimumVisualStudioVersion = 10.0.40219.1
Project("{FAE04EC0-301F-11D3-BF4B-00C04F79EFBC}") = "Visual", "Visual\Visual.csproj", "{09EB0E28-9D3A-40B0-A233-0E7ACFC44521}"
EndProject
Global
	GlobalSection(SolutionConfigurationPlatforms) = preSolution
		Debug|Any CPU = Debug|Any CPU
		Release|Any CPU = Release|Any CPU
	EndGlobalSection
	GlobalSection(ProjectConfigurationPlatforms) = postSolution
		{09EB0E28-9D3A-40B0-A233-0E7ACFC44521}.Debug|Any CPU.ActiveCfg = Debug|Any CPU
		{09EB0E28-9D3A-40B0-A233-0E7ACFC44521}.Debug|Any CPU.Build.0 = Debug|Any CPU
		{09EB0E28-9D3A-40B0-A233-0E7ACFC44521}.Release|Any CPU.ActiveCfg = Release|Any CPU
		{09EB0E28-9D3A-40B0-A233-0E7ACFC44521}.Release|Any CPU.Build.0 = Release|Any CPU
	EndGlobalSection
	GlobalSection(SolutionProperties) = preSolution
		HideSolutionNode = FALSE
	EndGlobalSection
	GlobalSection(ExtensibilityGlobals) = postSolution
		SolutionGuid = {1B9DFBE0-9132-40E9-B788-11ACD3DA2F8B}
	EndGlobalSection
EndGlobal
