
Microsoft Visual Studio Solution File, Format Version 12.00
# Visual Studio Version 17
VisualStudioVersion = 17.14.36518.9 d17.14
MinimumVisualStudioVersion = 10.0.40219.1
Project("{FAE04EC0-301F-11D3-BF4B-00C04F79EFBC}") = "Extensao", "Solid\Extensao.csproj", "{3EC4FBA0-EA72-4A38-B23F-A476908D5F5E}"
EndProject
Project("{2150E333-8FDC-42A3-9474-1A3956D46DE8}") = "Review", "Review", "{02EA681E-C7D8-13C7-8484-4AC65E1B71E8}"
EndProject
Project("{FAE04EC0-301F-11D3-BF4B-00C04F79EFBC}") = "Banco", "Conta\Banco.csproj", "{3467A6E1-7955-4C17-BC3E-441364FF016E}"
EndProject
Project("{FAE04EC0-301F-11D3-BF4B-00C04F79EFBC}") = "UpDownCasting", "UpDownCasting\UpDownCasting.csproj", "{7E3DCCA2-4A8B-4AD6-BEF4-A07FD0CCDFDA}"
EndProject
Project("{FAE04EC0-301F-11D3-BF4B-00C04F79EFBC}") = "isas", "isas\isas.csproj", "{FEF9ED33-A949-4B72-9DBB-D5D8A32678B1}"
EndProject
Global
	GlobalSection(SolutionConfigurationPlatforms) = preSolution
		Debug|Any CPU = Debug|Any CPU
		Release|Any CPU = Release|Any CPU
	EndGlobalSection
	GlobalSection(ProjectConfigurationPlatforms) = postSolution
		{3EC4FBA0-EA72-4A38-B23F-A476908D5F5E}.Debug|Any CPU.ActiveCfg = Debug|Any CPU
		{3EC4FBA0-EA72-4A38-B23F-A476908D5F5E}.Debug|Any CPU.Build.0 = Debug|Any CPU
		{3EC4FBA0-EA72-4A38-B23F-A476908D5F5E}.Release|Any CPU.ActiveCfg = Release|Any CPU
		{3EC4FBA0-EA72-4A38-B23F-A476908D5F5E}.Release|Any CPU.Build.0 = Release|Any CPU
		{3467A6E1-7955-4C17-BC3E-441364FF016E}.Debug|Any CPU.ActiveCfg = Debug|Any CPU
		{3467A6E1-7955-4C17-BC3E-441364FF016E}.Debug|Any CPU.Build.0 = Debug|Any CPU
		{3467A6E1-7955-4C17-BC3E-441364FF016E}.Release|Any CPU.ActiveCfg = Release|Any CPU
		{3467A6E1-7955-4C17-BC3E-441364FF016E}.Release|Any CPU.Build.0 = Release|Any CPU
		{7E3DCCA2-4A8B-4AD6-BEF4-A07FD0CCDFDA}.Debug|Any CPU.ActiveCfg = Debug|Any CPU
		{7E3DCCA2-4A8B-4AD6-BEF4-A07FD0CCDFDA}.Debug|Any CPU.Build.0 = Debug|Any CPU
		{7E3DCCA2-4A8B-4AD6-BEF4-A07FD0CCDFDA}.Release|Any CPU.ActiveCfg = Release|Any CPU
		{7E3DCCA2-4A8B-4AD6-BEF4-A07FD0CCDFDA}.Release|Any CPU.Build.0 = Release|Any CPU
		{FEF9ED33-A949-4B72-9DBB-D5D8A32678B1}.Debug|Any CPU.ActiveCfg = Debug|Any CPU
		{FEF9ED33-A949-4B72-9DBB-D5D8A32678B1}.Debug|Any CPU.Build.0 = Debug|Any CPU
		{FEF9ED33-A949-4B72-9DBB-D5D8A32678B1}.Release|Any CPU.ActiveCfg = Release|Any CPU
		{FEF9ED33-A949-4B72-9DBB-D5D8A32678B1}.Release|Any CPU.Build.0 = Release|Any CPU
	EndGlobalSection
	GlobalSection(SolutionProperties) = preSolution
		HideSolutionNode = FALSE
	EndGlobalSection
	GlobalSection(NestedProjects) = preSolution
		{3EC4FBA0-EA72-4A38-B23F-A476908D5F5E} = {02EA681E-C7D8-13C7-8484-4AC65E1B71E8}
		{3467A6E1-7955-4C17-BC3E-441364FF016E} = {02EA681E-C7D8-13C7-8484-4AC65E1B71E8}
		{7E3DCCA2-4A8B-4AD6-BEF4-A07FD0CCDFDA} = {02EA681E-C7D8-13C7-8484-4AC65E1B71E8}
		{FEF9ED33-A949-4B72-9DBB-D5D8A32678B1} = {02EA681E-C7D8-13C7-8484-4AC65E1B71E8}
	EndGlobalSection
	GlobalSection(ExtensibilityGlobals) = postSolution
		SolutionGuid = {3DA05DEC-93D7-4476-B674-282939E24B99}
	EndGlobalSection
EndGlobal
