
Microsoft Visual Studio Solution File, Format Version 12.00
# Visual Studio Version 17
VisualStudioVersion = 17.14.36408.4 d17.14
MinimumVisualStudioVersion = 10.0.40219.1
Project("{FAE04EC0-301F-11D3-BF4B-00C04F79EFBC}") = "Colecoes", "Colecoes\Colecoes.csproj", "{57CCE3B4-7DD8-4E8D-B21F-ADE25804886D}"
EndProject
Global
	GlobalSection(SolutionConfigurationPlatforms) = preSolution
		Debug|Any CPU = Debug|Any CPU
		Release|Any CPU = Release|Any CPU
	EndGlobalSection
	GlobalSection(ProjectConfigurationPlatforms) = postSolution
		{57CCE3B4-7DD8-4E8D-B21F-ADE25804886D}.Debug|Any CPU.ActiveCfg = Debug|Any CPU
		{57CCE3B4-7DD8-4E8D-B21F-ADE25804886D}.Debug|Any CPU.Build.0 = Debug|Any CPU
		{57CCE3B4-7DD8-4E8D-B21F-ADE25804886D}.Release|Any CPU.ActiveCfg = Release|Any CPU
		{57CCE3B4-7DD8-4E8D-B21F-ADE25804886D}.Release|Any CPU.Build.0 = Release|Any CPU
	EndGlobalSection
	GlobalSection(SolutionProperties) = preSolution
		HideSolutionNode = FALSE
	EndGlobalSection
	GlobalSection(ExtensibilityGlobals) = postSolution
		SolutionGuid = {F588CA56-5CDB-406C-8608-1A8516B0E888}
	EndGlobalSection
EndGlobal
