
Microsoft Visual Studio Solution File, Format Version 12.00
# Visual Studio Version 17
VisualStudioVersion = 17.14.36408.4 d17.14
MinimumVisualStudioVersion = 10.0.40219.1
Project("{FAE04EC0-301F-11D3-BF4B-00C04F79EFBC}") = "Desconstruindo", "Desconstruindo\Desconstruindo.csproj", "{746032E7-34EC-463B-89A6-B724F23A3EBF}"
EndProject
Global
	GlobalSection(SolutionConfigurationPlatforms) = preSolution
		Debug|Any CPU = Debug|Any CPU
		Release|Any CPU = Release|Any CPU
	EndGlobalSection
	GlobalSection(ProjectConfigurationPlatforms) = postSolution
		{746032E7-34EC-463B-89A6-B724F23A3EBF}.Debug|Any CPU.ActiveCfg = Debug|Any CPU
		{746032E7-34EC-463B-89A6-B724F23A3EBF}.Debug|Any CPU.Build.0 = Debug|Any CPU
		{746032E7-34EC-463B-89A6-B724F23A3EBF}.Release|Any CPU.ActiveCfg = Release|Any CPU
		{746032E7-34EC-463B-89A6-B724F23A3EBF}.Release|Any CPU.Build.0 = Release|Any CPU
	EndGlobalSection
	GlobalSection(SolutionProperties) = preSolution
		HideSolutionNode = FALSE
	EndGlobalSection
	GlobalSection(ExtensibilityGlobals) = postSolution
		SolutionGuid = {E43749DA-060B-4F7B-8BD5-203633DF77B5}
	EndGlobalSection
EndGlobal
